
Microsoft Visual Studio Solution File, Format Version 12.00
Project("{FAE04EC0-301F-11D3-BF4B-00C04F79EFBC}") = "2_8Dars", "2_8Dars\2_8Dars.csproj", "{24DB80AE-AA46-4358-B98A-88D51BFAE38A}"
EndProject
Global
	GlobalSection(SolutionConfigurationPlatforms) = preSolution
		Debug|Any CPU = Debug|Any CPU
		Release|Any CPU = Release|Any CPU
	EndGlobalSection
	GlobalSection(ProjectConfigurationPlatforms) = postSolution
		{24DB80AE-AA46-4358-B98A-88D51BFAE38A}.Debug|Any CPU.ActiveCfg = Debug|Any CPU
		{24DB80AE-AA46-4358-B98A-88D51BFAE38A}.Debug|Any CPU.Build.0 = Debug|Any CPU
		{24DB80AE-AA46-4358-B98A-88D51BFAE38A}.Release|Any CPU.ActiveCfg = Release|Any CPU
		{24DB80AE-AA46-4358-B98A-88D51BFAE38A}.Release|Any CPU.Build.0 = Release|Any CPU
	EndGlobalSection
EndGlobal
