
Microsoft Visual Studio Solution File, Format Version 12.00
Project("{FAE04EC0-301F-11D3-BF4B-00C04F79EFBC}") = "2_4Dars", "2_4Dars\2_4Dars.csproj", "{7A417802-4F2F-40D3-9548-86AF6F1C0DAF}"
EndProject
Global
	GlobalSection(SolutionConfigurationPlatforms) = preSolution
		Debug|Any CPU = Debug|Any CPU
		Release|Any CPU = Release|Any CPU
	EndGlobalSection
	GlobalSection(ProjectConfigurationPlatforms) = postSolution
		{7A417802-4F2F-40D3-9548-86AF6F1C0DAF}.Debug|Any CPU.ActiveCfg = Debug|Any CPU
		{7A417802-4F2F-40D3-9548-86AF6F1C0DAF}.Debug|Any CPU.Build.0 = Debug|Any CPU
		{7A417802-4F2F-40D3-9548-86AF6F1C0DAF}.Release|Any CPU.ActiveCfg = Release|Any CPU
		{7A417802-4F2F-40D3-9548-86AF6F1C0DAF}.Release|Any CPU.Build.0 = Release|Any CPU
	EndGlobalSection
EndGlobal
